
Microsoft Visual Studio Solution File, Format Version 12.00
# Visual Studio Version 16
VisualStudioVersion = 16.0.30320.27
MinimumVisualStudioVersion = 10.0.40219.1
Project("{9A19103F-16F7-4668-BE54-9A1E7A4F7556}") = "CilBrowser", "CilBrowser\CilBrowser.csproj", "{3E7A7A85-7A89-40DE-91CC-BCF6503992C7}"
EndProject
Project("{9A19103F-16F7-4668-BE54-9A1E7A4F7556}") = "CilBrowser.Core", "CilBrowser.Core\CilBrowser.Core.csproj", "{5C1D11C3-D854-4684-B0FE-7B04C2BB0080}"
EndProject
Project("{FAE04EC0-301F-11D3-BF4B-00C04F79EFBC}") = "CilBrowser.Tests", "CilBrowser.Tests\CilBrowser.Tests.csproj", "{BCD30D8D-286F-430B-86C4-B9E9A9B1DBE8}"
EndProject
Global
	GlobalSection(SolutionConfigurationPlatforms) = preSolution
		Debug|Any CPU = Debug|Any CPU
		Release|Any CPU = Release|Any CPU
	EndGlobalSection
	GlobalSection(ProjectConfigurationPlatforms) = postSolution
		{3E7A7A85-7A89-40DE-91CC-BCF6503992C7}.Debug|Any CPU.ActiveCfg = Debug|Any CPU
		{3E7A7A85-7A89-40DE-91CC-BCF6503992C7}.Debug|Any CPU.Build.0 = Debug|Any CPU
		{3E7A7A85-7A89-40DE-91CC-BCF6503992C7}.Release|Any CPU.ActiveCfg = Release|Any CPU
		{3E7A7A85-7A89-40DE-91CC-BCF6503992C7}.Release|Any CPU.Build.0 = Release|Any CPU
		{5C1D11C3-D854-4684-B0FE-7B04C2BB0080}.Debug|Any CPU.ActiveCfg = Debug|Any CPU
		{5C1D11C3-D854-4684-B0FE-7B04C2BB0080}.Debug|Any CPU.Build.0 = Debug|Any CPU
		{5C1D11C3-D854-4684-B0FE-7B04C2BB0080}.Release|Any CPU.ActiveCfg = Release|Any CPU
		{5C1D11C3-D854-4684-B0FE-7B04C2BB0080}.Release|Any CPU.Build.0 = Release|Any CPU
		{BCD30D8D-286F-430B-86C4-B9E9A9B1DBE8}.Debug|Any CPU.ActiveCfg = Debug|Any CPU
		{BCD30D8D-286F-430B-86C4-B9E9A9B1DBE8}.Debug|Any CPU.Build.0 = Debug|Any CPU
		{BCD30D8D-286F-430B-86C4-B9E9A9B1DBE8}.Release|Any CPU.ActiveCfg = Release|Any CPU
		{BCD30D8D-286F-430B-86C4-B9E9A9B1DBE8}.Release|Any CPU.Build.0 = Release|Any CPU
	EndGlobalSection
	GlobalSection(SolutionProperties) = preSolution
		HideSolutionNode = FALSE
	EndGlobalSection
	GlobalSection(ExtensibilityGlobals) = postSolution
		SolutionGuid = {FA8C531B-9191-44B2-93C6-1E0487DD14EF}
	EndGlobalSection
EndGlobal
